
Microsoft Visual Studio Solution File, Format Version 12.00
# Visual Studio Version 17
VisualStudioVersion = 17.0.31919.166
MinimumVisualStudioVersion = 10.0.40219.1
Project("{2150E333-8FDC-42A3-9474-1A3956D46DE8}") = "DependencyInjections", "DependencyInjections", "{7B908B72-3A7E-4F7E-B067-271877C1653D}"
EndProject
Project("{2150E333-8FDC-42A3-9474-1A3956D46DE8}") = "01_BadSample_FesteKopplung", "01_BadSample_FesteKopplung", "{D3798EA4-14CC-4E59-94B9-77DB8291A0B3}"
EndProject
Project("{9A19103F-16F7-4668-BE54-9A1E7A4F7556}") = "BadCarSample", "BadCarSample\BadCarSample.csproj", "{3DC02773-11C3-4409-A4CF-1AFC386DE6F0}"
EndProject
Project("{2150E333-8FDC-42A3-9474-1A3956D46DE8}") = "02_GoodCar_LooseKopplung", "02_GoodCar_LooseKopplung", "{52543878-AC14-473C-BB25-DE4D22E9816B}"
EndProject
Project("{9A19103F-16F7-4668-BE54-9A1E7A4F7556}") = "GoodCar.Interfaces", "GoodCar.Interfaces\GoodCar.Interfaces.csproj", "{3F160D9D-E900-4772-BADB-31C462D1CD8D}"
EndProject
Project("{9A19103F-16F7-4668-BE54-9A1E7A4F7556}") = "GoodCar.Entities", "GoodCar.Entities\GoodCar.Entities.csproj", "{8ACE6EDD-AC88-4568-A1F6-041A556572CD}"
EndProject
Project("{9A19103F-16F7-4668-BE54-9A1E7A4F7556}") = "GoodCar.Services", "GoodCar.Services\GoodCar.Services.csproj", "{F59BBBEA-9AC1-482A-83C2-B5F44E121725}"
EndProject
Project("{9A19103F-16F7-4668-BE54-9A1E7A4F7556}") = "GoodCar.App", "GoodCar.App\GoodCar.App.csproj", "{86B1DA95-9390-45E2-8A56-0799C2F16F0A}"
EndProject
Project("{2150E333-8FDC-42A3-9474-1A3956D46DE8}") = "03_ServiceProvider_ServieCollection Sample", "03_ServiceProvider_ServieCollection Sample", "{34BAF80B-6BEC-46E1-817F-3CC9C103157F}"
EndProject
Project("{9A19103F-16F7-4668-BE54-9A1E7A4F7556}") = "ServiceCollection_ServiceProviderSample", "ServiceCollection_ServiceProviderSample\ServiceCollection_ServiceProviderSample.csproj", "{8A37C546-035A-4259-B342-C1FFF367547D}"
EndProject
Project("{9A19103F-16F7-4668-BE54-9A1E7A4F7556}") = "DIScopeVsTransientVsSingletonSample", "DIScopeVsTransientVsSingletonSample\DIScopeVsTransientVsSingletonSample.csproj", "{37CD8316-3C3D-40A6-8DCD-F8020AB8074B}"
EndProject
Project("{2150E333-8FDC-42A3-9474-1A3956D46DE8}") = "04_SingletonVsScopedVsTransient", "04_SingletonVsScopedVsTransient", "{863F9906-545D-48B2-B41F-814AE1508FD0}"
EndProject
Project("{2150E333-8FDC-42A3-9474-1A3956D46DE8}") = "Solution Items", "Solution Items", "{90136530-FD00-4D21-BD98-7385BE630F6A}"
	ProjectSection(SolutionItems) = preProject
		..\Agenda.md = ..\Agenda.md
	EndProjectSection
EndProject
Project("{2150E333-8FDC-42A3-9474-1A3956D46DE8}") = "Logging", "Logging", "{E2EEE6D1-CFDC-47EB-8665-90EC97A8F638}"
EndProject
Project("{9A19103F-16F7-4668-BE54-9A1E7A4F7556}") = "LoggingSamples", "LoggingSamples\LoggingSamples.csproj", "{48DD9EA3-937C-4535-A6D3-6949A4034D81}"
EndProject
Project("{2150E333-8FDC-42A3-9474-1A3956D46DE8}") = "Konfigurationen", "Konfigurationen", "{72F12656-7F18-4328-BBCA-7B8B8D6FF9C8}"
EndProject
Project("{9A19103F-16F7-4668-BE54-9A1E7A4F7556}") = "ConfigurationSamples", "ConfigurationSamples\ConfigurationSamples.csproj", "{E8CE4CE4-A067-4A84-9FBA-5067FE6E9ED3}"
EndProject
Project("{2150E333-8FDC-42A3-9474-1A3956D46DE8}") = "DefaultProject", "DefaultProject", "{768C73E7-5C5C-47E3-A0C2-C2C69B75A408}"
EndProject
Project("{2150E333-8FDC-42A3-9474-1A3956D46DE8}") = "NET5", "NET5", "{A38B86C5-84B7-4118-832A-F4E2255AEF9F}"
EndProject
Project("{2150E333-8FDC-42A3-9474-1A3956D46DE8}") = "NET6", "NET6", "{D2FFAB3C-854E-46ED-81C7-C81A76701492}"
EndProject
Project("{9A19103F-16F7-4668-BE54-9A1E7A4F7556}") = "DefaultWebAPINET5", "DefaultWebAPINET5\DefaultWebAPINET5.csproj", "{1C7A3B18-7BF4-4F82-8F18-62AB8A804F88}"
EndProject
Project("{9A19103F-16F7-4668-BE54-9A1E7A4F7556}") = "DefaultWebAPINET6", "DefaultWebAPINET6\DefaultWebAPINET6.csproj", "{FE8C26EA-12A8-4CBD-AF4E-E7776BC7885F}"
EndProject
Project("{2150E333-8FDC-42A3-9474-1A3956D46DE8}") = "Controller Beispiele", "Controller Beispiele", "{042A8687-FE86-4470-B4CD-0AEDD6461CDA}"
EndProject
Project("{9A19103F-16F7-4668-BE54-9A1E7A4F7556}") = "ControllerSamples", "ControllerSamples\ControllerSamples.csproj", "{AF7E9E1A-9D7F-4F93-B1EA-F0738454AB18}"
EndProject
Project("{2150E333-8FDC-42A3-9474-1A3956D46DE8}") = "NET48", "NET48", "{DF6DFEB7-2F6B-4036-A4B0-03A9F4E3F77F}"
EndProject
Project("{FAE04EC0-301F-11D3-BF4B-00C04F79EFBC}") = "DefaultWebAPI", "DefaultWebAPI\DefaultWebAPI.csproj", "{97C108AB-F96C-48BD-9E90-DC668D2779F0}"
EndProject
Project("{2150E333-8FDC-42A3-9474-1A3956D46DE8}") = "HttpClientSamples", "HttpClientSamples", "{EB17E502-7D3A-4ED0-8C10-B40C63BD1CE0}"
EndProject
Project("{9A19103F-16F7-4668-BE54-9A1E7A4F7556}") = "HttpClientSamples", "HttpClientSamples\HttpClientSamples.csproj", "{95E01926-D203-480D-852F-CDF60B2A8E40}"
EndProject
Project("{9A19103F-16F7-4668-BE54-9A1E7A4F7556}") = "ControllerSample.SharedLib", "ControllerSample.SharedLib\ControllerSample.SharedLib.csproj", "{C1447587-BA11-4F1B-8D69-461826E9A513}"
EndProject
Project("{2150E333-8FDC-42A3-9474-1A3956D46DE8}") = "AuthentificationWebAPI", "AuthentificationWebAPI", "{A20E7F23-C838-4665-97BC-DDECA2A614B4}"
EndProject
Project("{9A19103F-16F7-4668-BE54-9A1E7A4F7556}") = "WebAPI_With_Accounts", "WebAPI_With_Accounts\WebAPI_With_Accounts.csproj", "{69FC461A-0244-4E31-A3A8-54EC3E2FAFEA}"
EndProject
Project("{9A19103F-16F7-4668-BE54-9A1E7A4F7556}") = "JWTBearerTokenAuthentificationSample", "JWTBearerTokenAuthentificationSample\JWTBearerTokenAuthentificationSample.csproj", "{156C8FDC-1F86-4975-B709-12A8B79201F4}"
EndProject
Project("{9A19103F-16F7-4668-BE54-9A1E7A4F7556}") = "JWTBearerTokenClientSample", "JWTBearerTokenClientSample\JWTBearerTokenClientSample.csproj", "{E2E83D2A-B56D-4F2A-AE9F-D77D2F872775}"
EndProject
Project("{2150E333-8FDC-42A3-9474-1A3956D46DE8}") = "FileDownUpload", "FileDownUpload", "{589DF2F0-3239-4D58-9444-1F25C1567B6E}"
EndProject
Project("{FAE04EC0-301F-11D3-BF4B-00C04F79EFBC}") = "FileUpDownloadAPI", "FileUpDownloadAPI\FileUpDownloadAPI.csproj", "{06819D57-2387-45B1-88F9-21045C1099C2}"
EndProject
Project("{FAE04EC0-301F-11D3-BF4B-00C04F79EFBC}") = "MVCReferenceProjekt", "MVCReferenceProjekt\MVCReferenceProjekt.csproj", "{889FDDD2-58BF-416F-905E-A15969771736}"
EndProject
Global
	GlobalSection(SolutionConfigurationPlatforms) = preSolution
		Debug|Any CPU = Debug|Any CPU
		Release|Any CPU = Release|Any CPU
	EndGlobalSection
	GlobalSection(ProjectConfigurationPlatforms) = postSolution
		{3DC02773-11C3-4409-A4CF-1AFC386DE6F0}.Debug|Any CPU.ActiveCfg = Debug|Any CPU
		{3DC02773-11C3-4409-A4CF-1AFC386DE6F0}.Debug|Any CPU.Build.0 = Debug|Any CPU
		{3DC02773-11C3-4409-A4CF-1AFC386DE6F0}.Release|Any CPU.ActiveCfg = Release|Any CPU
		{3DC02773-11C3-4409-A4CF-1AFC386DE6F0}.Release|Any CPU.Build.0 = Release|Any CPU
		{3F160D9D-E900-4772-BADB-31C462D1CD8D}.Debug|Any CPU.ActiveCfg = Debug|Any CPU
		{3F160D9D-E900-4772-BADB-31C462D1CD8D}.Debug|Any CPU.Build.0 = Debug|Any CPU
		{3F160D9D-E900-4772-BADB-31C462D1CD8D}.Release|Any CPU.ActiveCfg = Release|Any CPU
		{3F160D9D-E900-4772-BADB-31C462D1CD8D}.Release|Any CPU.Build.0 = Release|Any CPU
		{8ACE6EDD-AC88-4568-A1F6-041A556572CD}.Debug|Any CPU.ActiveCfg = Debug|Any CPU
		{8ACE6EDD-AC88-4568-A1F6-041A556572CD}.Debug|Any CPU.Build.0 = Debug|Any CPU
		{8ACE6EDD-AC88-4568-A1F6-041A556572CD}.Release|Any CPU.ActiveCfg = Release|Any CPU
		{8ACE6EDD-AC88-4568-A1F6-041A556572CD}.Release|Any CPU.Build.0 = Release|Any CPU
		{F59BBBEA-9AC1-482A-83C2-B5F44E121725}.Debug|Any CPU.ActiveCfg = Debug|Any CPU
		{F59BBBEA-9AC1-482A-83C2-B5F44E121725}.Debug|Any CPU.Build.0 = Debug|Any CPU
		{F59BBBEA-9AC1-482A-83C2-B5F44E121725}.Release|Any CPU.ActiveCfg = Release|Any CPU
		{F59BBBEA-9AC1-482A-83C2-B5F44E121725}.Release|Any CPU.Build.0 = Release|Any CPU
		{86B1DA95-9390-45E2-8A56-0799C2F16F0A}.Debug|Any CPU.ActiveCfg = Debug|Any CPU
		{86B1DA95-9390-45E2-8A56-0799C2F16F0A}.Debug|Any CPU.Build.0 = Debug|Any CPU
		{86B1DA95-9390-45E2-8A56-0799C2F16F0A}.Release|Any CPU.ActiveCfg = Release|Any CPU
		{86B1DA95-9390-45E2-8A56-0799C2F16F0A}.Release|Any CPU.Build.0 = Release|Any CPU
		{8A37C546-035A-4259-B342-C1FFF367547D}.Debug|Any CPU.ActiveCfg = Debug|Any CPU
		{8A37C546-035A-4259-B342-C1FFF367547D}.Debug|Any CPU.Build.0 = Debug|Any CPU
		{8A37C546-035A-4259-B342-C1FFF367547D}.Release|Any CPU.ActiveCfg = Release|Any CPU
		{8A37C546-035A-4259-B342-C1FFF367547D}.Release|Any CPU.Build.0 = Release|Any CPU
		{37CD8316-3C3D-40A6-8DCD-F8020AB8074B}.Debug|Any CPU.ActiveCfg = Debug|Any CPU
		{37CD8316-3C3D-40A6-8DCD-F8020AB8074B}.Debug|Any CPU.Build.0 = Debug|Any CPU
		{37CD8316-3C3D-40A6-8DCD-F8020AB8074B}.Release|Any CPU.ActiveCfg = Release|Any CPU
		{37CD8316-3C3D-40A6-8DCD-F8020AB8074B}.Release|Any CPU.Build.0 = Release|Any CPU
		{48DD9EA3-937C-4535-A6D3-6949A4034D81}.Debug|Any CPU.ActiveCfg = Debug|Any CPU
		{48DD9EA3-937C-4535-A6D3-6949A4034D81}.Debug|Any CPU.Build.0 = Debug|Any CPU
		{48DD9EA3-937C-4535-A6D3-6949A4034D81}.Release|Any CPU.ActiveCfg = Release|Any CPU
		{48DD9EA3-937C-4535-A6D3-6949A4034D81}.Release|Any CPU.Build.0 = Release|Any CPU
		{E8CE4CE4-A067-4A84-9FBA-5067FE6E9ED3}.Debug|Any CPU.ActiveCfg = Debug|Any CPU
		{E8CE4CE4-A067-4A84-9FBA-5067FE6E9ED3}.Debug|Any CPU.Build.0 = Debug|Any CPU
		{E8CE4CE4-A067-4A84-9FBA-5067FE6E9ED3}.Release|Any CPU.ActiveCfg = Release|Any CPU
		{E8CE4CE4-A067-4A84-9FBA-5067FE6E9ED3}.Release|Any CPU.Build.0 = Release|Any CPU
		{1C7A3B18-7BF4-4F82-8F18-62AB8A804F88}.Debug|Any CPU.ActiveCfg = Debug|Any CPU
		{1C7A3B18-7BF4-4F82-8F18-62AB8A804F88}.Debug|Any CPU.Build.0 = Debug|Any CPU
		{1C7A3B18-7BF4-4F82-8F18-62AB8A804F88}.Release|Any CPU.ActiveCfg = Release|Any CPU
		{1C7A3B18-7BF4-4F82-8F18-62AB8A804F88}.Release|Any CPU.Build.0 = Release|Any CPU
		{FE8C26EA-12A8-4CBD-AF4E-E7776BC7885F}.Debug|Any CPU.ActiveCfg = Debug|Any CPU
		{FE8C26EA-12A8-4CBD-AF4E-E7776BC7885F}.Debug|Any CPU.Build.0 = Debug|Any CPU
		{FE8C26EA-12A8-4CBD-AF4E-E7776BC7885F}.Release|Any CPU.ActiveCfg = Release|Any CPU
		{FE8C26EA-12A8-4CBD-AF4E-E7776BC7885F}.Release|Any CPU.Build.0 = Release|Any CPU
		{AF7E9E1A-9D7F-4F93-B1EA-F0738454AB18}.Debug|Any CPU.ActiveCfg = Debug|Any CPU
		{AF7E9E1A-9D7F-4F93-B1EA-F0738454AB18}.Debug|Any CPU.Build.0 = Debug|Any CPU
		{AF7E9E1A-9D7F-4F93-B1EA-F0738454AB18}.Release|Any CPU.ActiveCfg = Release|Any CPU
		{AF7E9E1A-9D7F-4F93-B1EA-F0738454AB18}.Release|Any CPU.Build.0 = Release|Any CPU
		{97C108AB-F96C-48BD-9E90-DC668D2779F0}.Debug|Any CPU.ActiveCfg = Debug|Any CPU
		{97C108AB-F96C-48BD-9E90-DC668D2779F0}.Debug|Any CPU.Build.0 = Debug|Any CPU
		{97C108AB-F96C-48BD-9E90-DC668D2779F0}.Release|Any CPU.ActiveCfg = Release|Any CPU
		{97C108AB-F96C-48BD-9E90-DC668D2779F0}.Release|Any CPU.Build.0 = Release|Any CPU
		{95E01926-D203-480D-852F-CDF60B2A8E40}.Debug|Any CPU.ActiveCfg = Debug|Any CPU
		{95E01926-D203-480D-852F-CDF60B2A8E40}.Debug|Any CPU.Build.0 = Debug|Any CPU
		{95E01926-D203-480D-852F-CDF60B2A8E40}.Release|Any CPU.ActiveCfg = Release|Any CPU
		{95E01926-D203-480D-852F-CDF60B2A8E40}.Release|Any CPU.Build.0 = Release|Any CPU
		{C1447587-BA11-4F1B-8D69-461826E9A513}.Debug|Any CPU.ActiveCfg = Debug|Any CPU
		{C1447587-BA11-4F1B-8D69-461826E9A513}.Debug|Any CPU.Build.0 = Debug|Any CPU
		{C1447587-BA11-4F1B-8D69-461826E9A513}.Release|Any CPU.ActiveCfg = Release|Any CPU
		{C1447587-BA11-4F1B-8D69-461826E9A513}.Release|Any CPU.Build.0 = Release|Any CPU
		{69FC461A-0244-4E31-A3A8-54EC3E2FAFEA}.Debug|Any CPU.ActiveCfg = Debug|Any CPU
		{69FC461A-0244-4E31-A3A8-54EC3E2FAFEA}.Debug|Any CPU.Build.0 = Debug|Any CPU
		{69FC461A-0244-4E31-A3A8-54EC3E2FAFEA}.Release|Any CPU.ActiveCfg = Release|Any CPU
		{69FC461A-0244-4E31-A3A8-54EC3E2FAFEA}.Release|Any CPU.Build.0 = Release|Any CPU
		{156C8FDC-1F86-4975-B709-12A8B79201F4}.Debug|Any CPU.ActiveCfg = Debug|Any CPU
		{156C8FDC-1F86-4975-B709-12A8B79201F4}.Debug|Any CPU.Build.0 = Debug|Any CPU
		{156C8FDC-1F86-4975-B709-12A8B79201F4}.Release|Any CPU.ActiveCfg = Release|Any CPU
		{156C8FDC-1F86-4975-B709-12A8B79201F4}.Release|Any CPU.Build.0 = Release|Any CPU
		{E2E83D2A-B56D-4F2A-AE9F-D77D2F872775}.Debug|Any CPU.ActiveCfg = Debug|Any CPU
		{E2E83D2A-B56D-4F2A-AE9F-D77D2F872775}.Debug|Any CPU.Build.0 = Debug|Any CPU
		{E2E83D2A-B56D-4F2A-AE9F-D77D2F872775}.Release|Any CPU.ActiveCfg = Release|Any CPU
		{E2E83D2A-B56D-4F2A-AE9F-D77D2F872775}.Release|Any CPU.Build.0 = Release|Any CPU
		{06819D57-2387-45B1-88F9-21045C1099C2}.Debug|Any CPU.ActiveCfg = Debug|Any CPU
		{06819D57-2387-45B1-88F9-21045C1099C2}.Debug|Any CPU.Build.0 = Debug|Any CPU
		{06819D57-2387-45B1-88F9-21045C1099C2}.Release|Any CPU.ActiveCfg = Release|Any CPU
		{06819D57-2387-45B1-88F9-21045C1099C2}.Release|Any CPU.Build.0 = Release|Any CPU
		{889FDDD2-58BF-416F-905E-A15969771736}.Debug|Any CPU.ActiveCfg = Debug|Any CPU
		{889FDDD2-58BF-416F-905E-A15969771736}.Debug|Any CPU.Build.0 = Debug|Any CPU
		{889FDDD2-58BF-416F-905E-A15969771736}.Release|Any CPU.ActiveCfg = Release|Any CPU
		{889FDDD2-58BF-416F-905E-A15969771736}.Release|Any CPU.Build.0 = Release|Any CPU
	EndGlobalSection
	GlobalSection(SolutionProperties) = preSolution
		HideSolutionNode = FALSE
	EndGlobalSection
	GlobalSection(NestedProjects) = preSolution
		{D3798EA4-14CC-4E59-94B9-77DB8291A0B3} = {7B908B72-3A7E-4F7E-B067-271877C1653D}
		{3DC02773-11C3-4409-A4CF-1AFC386DE6F0} = {D3798EA4-14CC-4E59-94B9-77DB8291A0B3}
		{52543878-AC14-473C-BB25-DE4D22E9816B} = {7B908B72-3A7E-4F7E-B067-271877C1653D}
		{3F160D9D-E900-4772-BADB-31C462D1CD8D} = {52543878-AC14-473C-BB25-DE4D22E9816B}
		{8ACE6EDD-AC88-4568-A1F6-041A556572CD} = {52543878-AC14-473C-BB25-DE4D22E9816B}
		{F59BBBEA-9AC1-482A-83C2-B5F44E121725} = {52543878-AC14-473C-BB25-DE4D22E9816B}
		{86B1DA95-9390-45E2-8A56-0799C2F16F0A} = {52543878-AC14-473C-BB25-DE4D22E9816B}
		{34BAF80B-6BEC-46E1-817F-3CC9C103157F} = {7B908B72-3A7E-4F7E-B067-271877C1653D}
		{8A37C546-035A-4259-B342-C1FFF367547D} = {34BAF80B-6BEC-46E1-817F-3CC9C103157F}
		{37CD8316-3C3D-40A6-8DCD-F8020AB8074B} = {863F9906-545D-48B2-B41F-814AE1508FD0}
		{863F9906-545D-48B2-B41F-814AE1508FD0} = {7B908B72-3A7E-4F7E-B067-271877C1653D}
		{48DD9EA3-937C-4535-A6D3-6949A4034D81} = {E2EEE6D1-CFDC-47EB-8665-90EC97A8F638}
		{E8CE4CE4-A067-4A84-9FBA-5067FE6E9ED3} = {72F12656-7F18-4328-BBCA-7B8B8D6FF9C8}
		{A38B86C5-84B7-4118-832A-F4E2255AEF9F} = {768C73E7-5C5C-47E3-A0C2-C2C69B75A408}
		{D2FFAB3C-854E-46ED-81C7-C81A76701492} = {768C73E7-5C5C-47E3-A0C2-C2C69B75A408}
		{1C7A3B18-7BF4-4F82-8F18-62AB8A804F88} = {A38B86C5-84B7-4118-832A-F4E2255AEF9F}
		{FE8C26EA-12A8-4CBD-AF4E-E7776BC7885F} = {D2FFAB3C-854E-46ED-81C7-C81A76701492}
		{AF7E9E1A-9D7F-4F93-B1EA-F0738454AB18} = {042A8687-FE86-4470-B4CD-0AEDD6461CDA}
		{DF6DFEB7-2F6B-4036-A4B0-03A9F4E3F77F} = {768C73E7-5C5C-47E3-A0C2-C2C69B75A408}
		{97C108AB-F96C-48BD-9E90-DC668D2779F0} = {DF6DFEB7-2F6B-4036-A4B0-03A9F4E3F77F}
		{95E01926-D203-480D-852F-CDF60B2A8E40} = {EB17E502-7D3A-4ED0-8C10-B40C63BD1CE0}
		{C1447587-BA11-4F1B-8D69-461826E9A513} = {042A8687-FE86-4470-B4CD-0AEDD6461CDA}
		{69FC461A-0244-4E31-A3A8-54EC3E2FAFEA} = {A20E7F23-C838-4665-97BC-DDECA2A614B4}
		{156C8FDC-1F86-4975-B709-12A8B79201F4} = {A20E7F23-C838-4665-97BC-DDECA2A614B4}
		{E2E83D2A-B56D-4F2A-AE9F-D77D2F872775} = {A20E7F23-C838-4665-97BC-DDECA2A614B4}
		{06819D57-2387-45B1-88F9-21045C1099C2} = {589DF2F0-3239-4D58-9444-1F25C1567B6E}
		{889FDDD2-58BF-416F-905E-A15969771736} = {042A8687-FE86-4470-B4CD-0AEDD6461CDA}
	EndGlobalSection
	GlobalSection(ExtensibilityGlobals) = postSolution
		SolutionGuid = {EE62144F-2D74-4F35-B45C-B8CA6CF2CA65}
	EndGlobalSection
EndGlobal
